
Microsoft Visual Studio Solution File, Format Version 12.00
# Visual Studio Version 17
VisualStudioVersion = 17.2.32802.462
MinimumVisualStudioVersion = 10.0.40219.1
Project("{FAE04EC0-301F-11D3-BF4B-00C04F79EFBC}") = "JsonDiffPatch.NET", "JsonDiffPatch.NET\JsonDiffPatch.NET.csproj", "{64603B60-0E65-478C-A8FA-E3A81340CC8A}"
EndProject
Project("{9A19103F-16F7-4668-BE54-9A1E7A4F7556}") = "JsonDiffPatch.NET.NUnitTest", "JsonDiffPatch.NET.NUnitTest\JsonDiffPatch.NET.NUnitTest.csproj", "{B74F99E0-6626-4012-AFAC-F559D52EF963}"
EndProject
Global
	GlobalSection(SolutionConfigurationPlatforms) = preSolution
		Debug|Any CPU = Debug|Any CPU
		Release|Any CPU = Release|Any CPU
	EndGlobalSection
	GlobalSection(ProjectConfigurationPlatforms) = postSolution
		{64603B60-0E65-478C-A8FA-E3A81340CC8A}.Debug|Any CPU.ActiveCfg = Debug|Any CPU
		{64603B60-0E65-478C-A8FA-E3A81340CC8A}.Debug|Any CPU.Build.0 = Debug|Any CPU
		{64603B60-0E65-478C-A8FA-E3A81340CC8A}.Release|Any CPU.ActiveCfg = Release|Any CPU
		{64603B60-0E65-478C-A8FA-E3A81340CC8A}.Release|Any CPU.Build.0 = Release|Any CPU
		{B74F99E0-6626-4012-AFAC-F559D52EF963}.Debug|Any CPU.ActiveCfg = Debug|Any CPU
		{B74F99E0-6626-4012-AFAC-F559D52EF963}.Debug|Any CPU.Build.0 = Debug|Any CPU
		{B74F99E0-6626-4012-AFAC-F559D52EF963}.Release|Any CPU.ActiveCfg = Release|Any CPU
		{B74F99E0-6626-4012-AFAC-F559D52EF963}.Release|Any CPU.Build.0 = Release|Any CPU
	EndGlobalSection
	GlobalSection(SolutionProperties) = preSolution
		HideSolutionNode = FALSE
	EndGlobalSection
	GlobalSection(ExtensibilityGlobals) = postSolution
		SolutionGuid = {754652DE-6C47-4538-B80C-0E759BD2060B}
	EndGlobalSection
EndGlobal
